
Microsoft Visual Studio Solution File, Format Version 12.00
# Visual Studio Version 17
VisualStudioVersion = 17.0.31903.59
MinimumVisualStudioVersion = 10.0.40219.1
Project("{2150E333-8FDC-42A3-9474-1A3956D46DE8}") = "src", "src", "{827E0CD3-B72D-47B6-A68D-7590B98EB39B}"
EndProject
Project("{FAE04EC0-301F-11D3-BF4B-00C04F79EFBC}") = "CandidateApi", "src\CandidateApi\CandidateApi.csproj", "{6F054D2B-B85B-45B8-B743-28ABDE557FC8}"
EndProject
Project("{FAE04EC0-301F-11D3-BF4B-00C04F79EFBC}") = "CandidateApi.Contracts", "src\CandidateApi.Contracts\CandidateApi.Contracts.csproj", "{DD50C28C-EF1D-444E-8C43-E347ED2D9D66}"
EndProject
Project("{2150E333-8FDC-42A3-9474-1A3956D46DE8}") = "tests", "tests", "{0AB3BF05-4346-4AA6-1389-037BE0695223}"
EndProject
Project("{FAE04EC0-301F-11D3-BF4B-00C04F79EFBC}") = "CandidateApi.Tests", "tests\CandidateApi.Tests\CandidateApi.Tests.csproj", "{BE63C0DD-F872-458B-A68F-6731CE719881}"
EndProject
Global
	GlobalSection(SolutionConfigurationPlatforms) = preSolution
		Debug|Any CPU = Debug|Any CPU
		Debug|x64 = Debug|x64
		Debug|x86 = Debug|x86
		Release|Any CPU = Release|Any CPU
		Release|x64 = Release|x64
		Release|x86 = Release|x86
	EndGlobalSection
	GlobalSection(ProjectConfigurationPlatforms) = postSolution
		{6F054D2B-B85B-45B8-B743-28ABDE557FC8}.Debug|Any CPU.ActiveCfg = Debug|Any CPU
		{6F054D2B-B85B-45B8-B743-28ABDE557FC8}.Debug|Any CPU.Build.0 = Debug|Any CPU
		{6F054D2B-B85B-45B8-B743-28ABDE557FC8}.Debug|x64.ActiveCfg = Debug|Any CPU
		{6F054D2B-B85B-45B8-B743-28ABDE557FC8}.Debug|x64.Build.0 = Debug|Any CPU
		{6F054D2B-B85B-45B8-B743-28ABDE557FC8}.Debug|x86.ActiveCfg = Debug|Any CPU
		{6F054D2B-B85B-45B8-B743-28ABDE557FC8}.Debug|x86.Build.0 = Debug|Any CPU
		{6F054D2B-B85B-45B8-B743-28ABDE557FC8}.Release|Any CPU.ActiveCfg = Release|Any CPU
		{6F054D2B-B85B-45B8-B743-28ABDE557FC8}.Release|Any CPU.Build.0 = Release|Any CPU
		{6F054D2B-B85B-45B8-B743-28ABDE557FC8}.Release|x64.ActiveCfg = Release|Any CPU
		{6F054D2B-B85B-45B8-B743-28ABDE557FC8}.Release|x64.Build.0 = Release|Any CPU
		{6F054D2B-B85B-45B8-B743-28ABDE557FC8}.Release|x86.ActiveCfg = Release|Any CPU
		{6F054D2B-B85B-45B8-B743-28ABDE557FC8}.Release|x86.Build.0 = Release|Any CPU
		{DD50C28C-EF1D-444E-8C43-E347ED2D9D66}.Debug|Any CPU.ActiveCfg = Debug|Any CPU
		{DD50C28C-EF1D-444E-8C43-E347ED2D9D66}.Debug|Any CPU.Build.0 = Debug|Any CPU
		{DD50C28C-EF1D-444E-8C43-E347ED2D9D66}.Debug|x64.ActiveCfg = Debug|Any CPU
		{DD50C28C-EF1D-444E-8C43-E347ED2D9D66}.Debug|x64.Build.0 = Debug|Any CPU
		{DD50C28C-EF1D-444E-8C43-E347ED2D9D66}.Debug|x86.ActiveCfg = Debug|Any CPU
		{DD50C28C-EF1D-444E-8C43-E347ED2D9D66}.Debug|x86.Build.0 = Debug|Any CPU
		{DD50C28C-EF1D-444E-8C43-E347ED2D9D66}.Release|Any CPU.ActiveCfg = Release|Any CPU
		{DD50C28C-EF1D-444E-8C43-E347ED2D9D66}.Release|Any CPU.Build.0 = Release|Any CPU
		{DD50C28C-EF1D-444E-8C43-E347ED2D9D66}.Release|x64.ActiveCfg = Release|Any CPU
		{DD50C28C-EF1D-444E-8C43-E347ED2D9D66}.Release|x64.Build.0 = Release|Any CPU
		{DD50C28C-EF1D-444E-8C43-E347ED2D9D66}.Release|x86.ActiveCfg = Release|Any CPU
		{DD50C28C-EF1D-444E-8C43-E347ED2D9D66}.Release|x86.Build.0 = Release|Any CPU
		{BE63C0DD-F872-458B-A68F-6731CE719881}.Debug|Any CPU.ActiveCfg = Debug|Any CPU
		{BE63C0DD-F872-458B-A68F-6731CE719881}.Debug|Any CPU.Build.0 = Debug|Any CPU
		{BE63C0DD-F872-458B-A68F-6731CE719881}.Debug|x64.ActiveCfg = Debug|Any CPU
		{BE63C0DD-F872-458B-A68F-6731CE719881}.Debug|x64.Build.0 = Debug|Any CPU
		{BE63C0DD-F872-458B-A68F-6731CE719881}.Debug|x86.ActiveCfg = Debug|Any CPU
		{BE63C0DD-F872-458B-A68F-6731CE719881}.Debug|x86.Build.0 = Debug|Any CPU
		{BE63C0DD-F872-458B-A68F-6731CE719881}.Release|Any CPU.ActiveCfg = Release|Any CPU
		{BE63C0DD-F872-458B-A68F-6731CE719881}.Release|Any CPU.Build.0 = Release|Any CPU
		{BE63C0DD-F872-458B-A68F-6731CE719881}.Release|x64.ActiveCfg = Release|Any CPU
		{BE63C0DD-F872-458B-A68F-6731CE719881}.Release|x64.Build.0 = Release|Any CPU
		{BE63C0DD-F872-458B-A68F-6731CE719881}.Release|x86.ActiveCfg = Release|Any CPU
		{BE63C0DD-F872-458B-A68F-6731CE719881}.Release|x86.Build.0 = Release|Any CPU
	EndGlobalSection
	GlobalSection(SolutionProperties) = preSolution
		HideSolutionNode = FALSE
	EndGlobalSection
	GlobalSection(NestedProjects) = preSolution
		{6F054D2B-B85B-45B8-B743-28ABDE557FC8} = {827E0CD3-B72D-47B6-A68D-7590B98EB39B}
		{DD50C28C-EF1D-444E-8C43-E347ED2D9D66} = {827E0CD3-B72D-47B6-A68D-7590B98EB39B}
		{BE63C0DD-F872-458B-A68F-6731CE719881} = {0AB3BF05-4346-4AA6-1389-037BE0695223}
	EndGlobalSection
EndGlobal
